<Solution>
  <Project Path="BlazorDemoFirstPart/BlazorDemoFirstPart.csproj" Id="f32b2e50-0b8e-482f-99df-f5107e93f9b2" />
  <Project Path="DotNet10Api/DotNet10Api.csproj" Id="60ff8364-86e3-47a1-b4de-fcd8604e3f1e" />
  <Project Path="DotNet9Api/DotNet9Api.csproj" Id="cea312e5-c607-40a6-bfc6-88bee8811042" />
  <Project Path="SseSignalROrchestrator/SseSignalROrchestrator.AppHost/SseSignalROrchestrator.AppHost.csproj" Id="e29944b4-ce09-42ea-a242-bf242b99c579" />
  <Project Path="SseSignalROrchestrator/SseSignalROrchestrator.ServiceDefaults/SseSignalROrchestrator.ServiceDefaults.csproj" />
</Solution>
